
Microsoft Visual Studio Solution File, Format Version 12.00
# Visual Studio Version 16
VisualStudioVersion = 16.0.30517.126
MinimumVisualStudioVersion = 10.0.40219.1
Project("{9A19103F-16F7-4668-BE54-9A1E7A4F7556}") = "ISO.API", "ISO.API\ISO.API.csproj", "{9969F2EF-0C6A-4D86-BEFB-51AAE109C01F}"
EndProject
Global
	GlobalSection(SolutionConfigurationPlatforms) = preSolution
		Debug|Any CPU = Debug|Any CPU
		Release|Any CPU = Release|Any CPU
	EndGlobalSection
	GlobalSection(ProjectConfigurationPlatforms) = postSolution
		{9969F2EF-0C6A-4D86-BEFB-51AAE109C01F}.Debug|Any CPU.ActiveCfg = Debug|Any CPU
		{9969F2EF-0C6A-4D86-BEFB-51AAE109C01F}.Debug|Any CPU.Build.0 = Debug|Any CPU
		{9969F2EF-0C6A-4D86-BEFB-51AAE109C01F}.Release|Any CPU.ActiveCfg = Release|Any CPU
		{9969F2EF-0C6A-4D86-BEFB-51AAE109C01F}.Release|Any CPU.Build.0 = Release|Any CPU
	EndGlobalSection
	GlobalSection(SolutionProperties) = preSolution
		HideSolutionNode = FALSE
	EndGlobalSection
	GlobalSection(ExtensibilityGlobals) = postSolution
		SolutionGuid = {6A192232-9284-443F-84AA-8ABB0B43EA68}
	EndGlobalSection
EndGlobal
