
Microsoft Visual Studio Solution File, Format Version 12.00
# Visual Studio 2013
VisualStudioVersion = 12.0.21005.1
MinimumVisualStudioVersion = 10.0.40219.1
Project("{FAE04EC0-301F-11D3-BF4B-00C04F79EFBC}") = "iDAS.Base", "iDAS.Base\iDAS.Base.csproj", "{49930578-6241-4CE6-A53C-A435CB484CB7}"
EndProject
Project("{FAE04EC0-301F-11D3-BF4B-00C04F79EFBC}") = "iDAS.Core", "iDAS.Core\iDAS.Core.csproj", "{68DEFA9F-B411-4BC8-920A-B7FE32B08C4B}"
EndProject
Project("{FAE04EC0-301F-11D3-BF4B-00C04F79EFBC}") = "iDAS.DA", "iDAS.DA\iDAS.DA.csproj", "{C05721E5-5B8E-4945-BFC4-EDF41EED68A4}"
EndProject
Project("{FAE04EC0-301F-11D3-BF4B-00C04F79EFBC}") = "iDAS.Items", "iDAS.Items\iDAS.Items.csproj", "{537A9E29-57E5-4562-84CE-E4555DAED600}"
EndProject
Project("{FAE04EC0-301F-11D3-BF4B-00C04F79EFBC}") = "iDAS.Resources", "iDAS.Resources\iDAS.Resources.csproj", "{2397ABA1-800A-46C2-A543-703B4B6F7A3C}"
EndProject
Project("{FAE04EC0-301F-11D3-BF4B-00C04F79EFBC}") = "iDAS.Services", "iDAS.Services\iDAS.Services.csproj", "{891054FC-3C3E-4C57-A299-E182A0EE23A9}"
EndProject
Project("{FAE04EC0-301F-11D3-BF4B-00C04F79EFBC}") = "iDAS.Web", "iDAS.Web\iDAS.Web.csproj", "{9881B446-FF21-4778-AD8E-91A91D52F22F}"
EndProject
Project("{FAE04EC0-301F-11D3-BF4B-00C04F79EFBC}") = "iDAS.Utilities", "iDAS.Utilities\iDAS.Utilities.csproj", "{990A6543-DBF0-4A36-B40D-86AC6106946E}"
EndProject
Global
	GlobalSection(TeamFoundationVersionControl) = preSolution
		SccNumberOfProjects = 9
		SccEnterpriseProvider = {4CA58AB2-18FA-4F8D-95D4-32DDF27D184C}
		SccTeamFoundationServer = http://192.168.1.111:8080/tfs/idas_collection
		SccProjectUniqueName0 = iDAS.Base\\iDAS.Base.csproj
		SccProjectName0 = iDAS.Base
		SccLocalPath0 = iDAS.Base
		SccProjectUniqueName1 = iDAS.Core\\iDAS.Core.csproj
		SccProjectName1 = iDAS.Core
		SccLocalPath1 = iDAS.Core
		SccProjectUniqueName2 = iDAS.DA\\iDAS.DA.csproj
		SccProjectName2 = iDAS.DA
		SccLocalPath2 = iDAS.DA
		SccProjectUniqueName3 = iDAS.Items\\iDAS.Items.csproj
		SccProjectName3 = iDAS.Items
		SccLocalPath3 = iDAS.Items
		SccProjectUniqueName4 = iDAS.Resources\\iDAS.Resources.csproj
		SccProjectName4 = iDAS.Resources
		SccLocalPath4 = iDAS.Resources
		SccProjectUniqueName5 = iDAS.Services\\iDAS.Services.csproj
		SccProjectName5 = iDAS.Services
		SccLocalPath5 = iDAS.Services
		SccProjectUniqueName6 = iDAS.Web\\iDAS.Web.csproj
		SccProjectName6 = iDAS.Web
		SccLocalPath6 = iDAS.Web
		SccProjectUniqueName7 = iDAS.Utilities\\iDAS.Utilities.csproj
		SccProjectName7 = iDAS.Utilities
		SccLocalPath7 = iDAS.Utilities
		SccLocalPath8 = .
	EndGlobalSection
	GlobalSection(SolutionConfigurationPlatforms) = preSolution
		Debug|Any CPU = Debug|Any CPU
		Release|Any CPU = Release|Any CPU
	EndGlobalSection
	GlobalSection(ProjectConfigurationPlatforms) = postSolution
		{49930578-6241-4CE6-A53C-A435CB484CB7}.Debug|Any CPU.ActiveCfg = Debug|Any CPU
		{49930578-6241-4CE6-A53C-A435CB484CB7}.Debug|Any CPU.Build.0 = Debug|Any CPU
		{49930578-6241-4CE6-A53C-A435CB484CB7}.Release|Any CPU.ActiveCfg = Release|Any CPU
		{49930578-6241-4CE6-A53C-A435CB484CB7}.Release|Any CPU.Build.0 = Release|Any CPU
		{68DEFA9F-B411-4BC8-920A-B7FE32B08C4B}.Debug|Any CPU.ActiveCfg = Debug|Any CPU
		{68DEFA9F-B411-4BC8-920A-B7FE32B08C4B}.Debug|Any CPU.Build.0 = Debug|Any CPU
		{68DEFA9F-B411-4BC8-920A-B7FE32B08C4B}.Release|Any CPU.ActiveCfg = Release|Any CPU
		{68DEFA9F-B411-4BC8-920A-B7FE32B08C4B}.Release|Any CPU.Build.0 = Release|Any CPU
		{C05721E5-5B8E-4945-BFC4-EDF41EED68A4}.Debug|Any CPU.ActiveCfg = Debug|Any CPU
		{C05721E5-5B8E-4945-BFC4-EDF41EED68A4}.Debug|Any CPU.Build.0 = Debug|Any CPU
		{C05721E5-5B8E-4945-BFC4-EDF41EED68A4}.Release|Any CPU.ActiveCfg = Release|Any CPU
		{C05721E5-5B8E-4945-BFC4-EDF41EED68A4}.Release|Any CPU.Build.0 = Release|Any CPU
		{537A9E29-57E5-4562-84CE-E4555DAED600}.Debug|Any CPU.ActiveCfg = Debug|Any CPU
		{537A9E29-57E5-4562-84CE-E4555DAED600}.Debug|Any CPU.Build.0 = Debug|Any CPU
		{537A9E29-57E5-4562-84CE-E4555DAED600}.Release|Any CPU.ActiveCfg = Release|Any CPU
		{537A9E29-57E5-4562-84CE-E4555DAED600}.Release|Any CPU.Build.0 = Release|Any CPU
		{2397ABA1-800A-46C2-A543-703B4B6F7A3C}.Debug|Any CPU.ActiveCfg = Debug|Any CPU
		{2397ABA1-800A-46C2-A543-703B4B6F7A3C}.Debug|Any CPU.Build.0 = Debug|Any CPU
		{2397ABA1-800A-46C2-A543-703B4B6F7A3C}.Release|Any CPU.ActiveCfg = Release|Any CPU
		{2397ABA1-800A-46C2-A543-703B4B6F7A3C}.Release|Any CPU.Build.0 = Release|Any CPU
		{891054FC-3C3E-4C57-A299-E182A0EE23A9}.Debug|Any CPU.ActiveCfg = Debug|Any CPU
		{891054FC-3C3E-4C57-A299-E182A0EE23A9}.Debug|Any CPU.Build.0 = Debug|Any CPU
		{891054FC-3C3E-4C57-A299-E182A0EE23A9}.Release|Any CPU.ActiveCfg = Release|Any CPU
		{891054FC-3C3E-4C57-A299-E182A0EE23A9}.Release|Any CPU.Build.0 = Release|Any CPU
		{9881B446-FF21-4778-AD8E-91A91D52F22F}.Debug|Any CPU.ActiveCfg = Debug|Any CPU
		{9881B446-FF21-4778-AD8E-91A91D52F22F}.Debug|Any CPU.Build.0 = Debug|Any CPU
		{9881B446-FF21-4778-AD8E-91A91D52F22F}.Release|Any CPU.ActiveCfg = Release|Any CPU
		{9881B446-FF21-4778-AD8E-91A91D52F22F}.Release|Any CPU.Build.0 = Release|Any CPU
		{990A6543-DBF0-4A36-B40D-86AC6106946E}.Debug|Any CPU.ActiveCfg = Debug|Any CPU
		{990A6543-DBF0-4A36-B40D-86AC6106946E}.Debug|Any CPU.Build.0 = Debug|Any CPU
		{990A6543-DBF0-4A36-B40D-86AC6106946E}.Release|Any CPU.ActiveCfg = Release|Any CPU
		{990A6543-DBF0-4A36-B40D-86AC6106946E}.Release|Any CPU.Build.0 = Release|Any CPU
	EndGlobalSection
	GlobalSection(SolutionProperties) = preSolution
		HideSolutionNode = FALSE
	EndGlobalSection
EndGlobal
