
Microsoft Visual Studio Solution File, Format Version 12.00
# Visual Studio Version 16
VisualStudioVersion = 16.0.30503.244
MinimumVisualStudioVersion = 10.0.40219.1
Project("{FAE04EC0-301F-11D3-BF4B-00C04F79EFBC}") = "iDAS.Base", "iDAS.Base\iDAS.Base.csproj", "{C3E4AF7A-DF80-4F80-B5B9-71BFF39A2E71}"
EndProject
Project("{FAE04EC0-301F-11D3-BF4B-00C04F79EFBC}") = "iDAS.DA", "iDAS.DA\iDAS.DA.csproj", "{0E2347BA-286E-41B5-9A44-0B785E210335}"
EndProject
Project("{FAE04EC0-301F-11D3-BF4B-00C04F79EFBC}") = "iDAS.Items", "iDAS.Items\iDAS.Items.csproj", "{CD4EFDD8-425E-41E7-8934-C35939AFDF85}"
EndProject
Project("{FAE04EC0-301F-11D3-BF4B-00C04F79EFBC}") = "iDAS.Resources", "iDAS.Resources\iDAS.Resources.csproj", "{B197A891-85B7-4EC1-9194-3D4481B64ECD}"
EndProject
Project("{FAE04EC0-301F-11D3-BF4B-00C04F79EFBC}") = "iDAS.Services", "iDAS.Services\iDAS.Services.csproj", "{72BD11A2-BDCD-42A3-AA13-E68F1968C017}"
EndProject
Project("{FAE04EC0-301F-11D3-BF4B-00C04F79EFBC}") = "iDAS.Utilities", "iDAS.Utilities\iDAS.Utilities.csproj", "{F980C739-A06F-4A51-977B-D01B341E38EC}"
EndProject
Project("{FAE04EC0-301F-11D3-BF4B-00C04F79EFBC}") = "iDAS.Web", "iDAS.Web\iDAS.Web.csproj", "{4A19F3F4-1C9F-4A55-8F6D-DD711BA9194C}"
EndProject
Global
	GlobalSection(SolutionConfigurationPlatforms) = preSolution
		Debug|Any CPU = Debug|Any CPU
		Release|Any CPU = Release|Any CPU
	EndGlobalSection
	GlobalSection(ProjectConfigurationPlatforms) = postSolution
		{C3E4AF7A-DF80-4F80-B5B9-71BFF39A2E71}.Debug|Any CPU.ActiveCfg = Debug|Any CPU
		{C3E4AF7A-DF80-4F80-B5B9-71BFF39A2E71}.Debug|Any CPU.Build.0 = Debug|Any CPU
		{C3E4AF7A-DF80-4F80-B5B9-71BFF39A2E71}.Release|Any CPU.ActiveCfg = Release|Any CPU
		{C3E4AF7A-DF80-4F80-B5B9-71BFF39A2E71}.Release|Any CPU.Build.0 = Release|Any CPU
		{0E2347BA-286E-41B5-9A44-0B785E210335}.Debug|Any CPU.ActiveCfg = Debug|Any CPU
		{0E2347BA-286E-41B5-9A44-0B785E210335}.Debug|Any CPU.Build.0 = Debug|Any CPU
		{0E2347BA-286E-41B5-9A44-0B785E210335}.Release|Any CPU.ActiveCfg = Release|Any CPU
		{0E2347BA-286E-41B5-9A44-0B785E210335}.Release|Any CPU.Build.0 = Release|Any CPU
		{CD4EFDD8-425E-41E7-8934-C35939AFDF85}.Debug|Any CPU.ActiveCfg = Debug|Any CPU
		{CD4EFDD8-425E-41E7-8934-C35939AFDF85}.Debug|Any CPU.Build.0 = Debug|Any CPU
		{CD4EFDD8-425E-41E7-8934-C35939AFDF85}.Release|Any CPU.ActiveCfg = Release|Any CPU
		{CD4EFDD8-425E-41E7-8934-C35939AFDF85}.Release|Any CPU.Build.0 = Release|Any CPU
		{B197A891-85B7-4EC1-9194-3D4481B64ECD}.Debug|Any CPU.ActiveCfg = Debug|Any CPU
		{B197A891-85B7-4EC1-9194-3D4481B64ECD}.Debug|Any CPU.Build.0 = Debug|Any CPU
		{B197A891-85B7-4EC1-9194-3D4481B64ECD}.Release|Any CPU.ActiveCfg = Release|Any CPU
		{B197A891-85B7-4EC1-9194-3D4481B64ECD}.Release|Any CPU.Build.0 = Release|Any CPU
		{72BD11A2-BDCD-42A3-AA13-E68F1968C017}.Debug|Any CPU.ActiveCfg = Debug|Any CPU
		{72BD11A2-BDCD-42A3-AA13-E68F1968C017}.Debug|Any CPU.Build.0 = Debug|Any CPU
		{72BD11A2-BDCD-42A3-AA13-E68F1968C017}.Release|Any CPU.ActiveCfg = Release|Any CPU
		{72BD11A2-BDCD-42A3-AA13-E68F1968C017}.Release|Any CPU.Build.0 = Release|Any CPU
		{F980C739-A06F-4A51-977B-D01B341E38EC}.Debug|Any CPU.ActiveCfg = Debug|Any CPU
		{F980C739-A06F-4A51-977B-D01B341E38EC}.Debug|Any CPU.Build.0 = Debug|Any CPU
		{F980C739-A06F-4A51-977B-D01B341E38EC}.Release|Any CPU.ActiveCfg = Release|Any CPU
		{F980C739-A06F-4A51-977B-D01B341E38EC}.Release|Any CPU.Build.0 = Release|Any CPU
		{4A19F3F4-1C9F-4A55-8F6D-DD711BA9194C}.Debug|Any CPU.ActiveCfg = Debug|Any CPU
		{4A19F3F4-1C9F-4A55-8F6D-DD711BA9194C}.Debug|Any CPU.Build.0 = Debug|Any CPU
		{4A19F3F4-1C9F-4A55-8F6D-DD711BA9194C}.Release|Any CPU.ActiveCfg = Release|Any CPU
		{4A19F3F4-1C9F-4A55-8F6D-DD711BA9194C}.Release|Any CPU.Build.0 = Release|Any CPU
	EndGlobalSection
	GlobalSection(SolutionProperties) = preSolution
		HideSolutionNode = FALSE
	EndGlobalSection
	GlobalSection(ExtensibilityGlobals) = postSolution
		SolutionGuid = {F385E36D-0335-4C58-968C-40343F56322E}
	EndGlobalSection
EndGlobal
